
Microsoft Visual Studio Solution File, Format Version 12.00
# Visual Studio Version 17
VisualStudioVersion = 17.14.37012.4 d17.14
MinimumVisualStudioVersion = 10.0.40219.1
Project("{FAE04EC0-301F-11D3-BF4B-00C04F79EFBC}") = "FoodVisionMauiDemo", "FoodVisionMauiDemo\FoodVisionMauiDemo.csproj", "{D17C8D93-FC7E-49C6-A34F-32DACBFDFF74}"
EndProject
Global
	GlobalSection(SolutionConfigurationPlatforms) = preSolution
		Debug|Any CPU = Debug|Any CPU
		Release|Any CPU = Release|Any CPU
	EndGlobalSection
	GlobalSection(ProjectConfigurationPlatforms) = postSolution
		{D17C8D93-FC7E-49C6-A34F-32DACBFDFF74}.Debug|Any CPU.ActiveCfg = Debug|Any CPU
		{D17C8D93-FC7E-49C6-A34F-32DACBFDFF74}.Debug|Any CPU.Build.0 = Debug|Any CPU
		{D17C8D93-FC7E-49C6-A34F-32DACBFDFF74}.Debug|Any CPU.Deploy.0 = Debug|Any CPU
		{D17C8D93-FC7E-49C6-A34F-32DACBFDFF74}.Release|Any CPU.ActiveCfg = Release|Any CPU
		{D17C8D93-FC7E-49C6-A34F-32DACBFDFF74}.Release|Any CPU.Build.0 = Release|Any CPU
		{D17C8D93-FC7E-49C6-A34F-32DACBFDFF74}.Release|Any CPU.Deploy.0 = Release|Any CPU
	EndGlobalSection
	GlobalSection(SolutionProperties) = preSolution
		HideSolutionNode = FALSE
	EndGlobalSection
	GlobalSection(ExtensibilityGlobals) = postSolution
		SolutionGuid = {3543F68B-1B96-4D0E-939B-77D77DC703B7}
	EndGlobalSection
EndGlobal
